// !$*UTF8*$!
{
	archiveVersion = 1;
	classes = {
	};
	objectVersion = 46;
	objects = {

/* Begin PBXBuildFile section */
		52BC34191BE042A400AFCAF1 /* AppDelegate.swift in Sources */ = {isa = PBXBuildFile; fileRef = 52BC34181BE042A400AFCAF1 /* AppDelegate.swift */; };
		52BC341B1BE042A400AFCAF1 /* ViewController.swift in Sources */ = {isa = PBXBuildFile; fileRef = 52BC341A1BE042A400AFCAF1 /* ViewController.swift */; };
		52BC341E1BE042A400AFCAF1 /* Main.storyboard in Resources */ = {isa = PBXBuildFile; fileRef = 52BC341C1BE042A400AFCAF1 /* Main.storyboard */; };
		52BC34201BE042A400AFCAF1 /* Assets.xcassets in Resources */ = {isa = PBXBuildFile; fileRef = 52BC341F1BE042A400AFCAF1 /* Assets.xcassets */; };
		52BC34231BE042A400AFCAF1 /* LaunchScreen.storyboard in Resources */ = {isa = PBXBuildFile; fileRef = 52BC34211BE042A400AFCAF1 /* LaunchScreen.storyboard */; };
		52BC342D1BE042CA00AFCAF1 /* RandomNumber.swift in Sources */ = {isa = PBXBuildFile; fileRef = 52BC342C1BE042CA00AFCAF1 /* RandomNumber.swift */; };
/* End PBXBuildFile section */

/* Begin PBXFileReference section */
		52BC34151BE042A400AFCAF1 /* Guessing Game.app */ = {isa = PBXFileReference; explicitFileType = wrapper.application; includeInIndex = 0; path = "Guessing Game.app"; sourceTree = BUILT_PRODUCTS_DIR; };
		52BC34181BE042A400AFCAF1 /* AppDelegate.swift */ = {isa = PBXFileReference; lastKnownFileType = sourcecode.swift; path = AppDelegate.swift; sourceTree = "<group>"; };
		52BC341A1BE042A400AFCAF1 /* ViewController.swift */ = {isa = PBXFileReference; lastKnownFileType = sourcecode.swift; path = ViewController.swift; sourceTree = "<group>"; };
		52BC341D1BE042A400AFCAF1 /* Base */ = {isa = PBXFileReference; lastKnownFileType = file.storyboard; name = Base; path = Base.lproj/Main.storyboard; sourceTree = "<group>"; };
		52BC341F1BE042A400AFCAF1 /* Assets.xcassets */ = {isa = PBXFileReference; lastKnownFileType = folder.assetcatalog; path = Assets.xcassets; sourceTree = "<group>"; };
		52BC34221BE042A400AFCAF1 /* Base */ = {isa = PBXFileReference; lastKnownFileType = file.storyboard; name = Base; path = Base.lproj/LaunchScreen.storyboard; sourceTree = "<group>"; };
		52BC34241BE042A400AFCAF1 /* Info.plist */ = {isa = PBXFileReference; lastKnownFileType = text.plist.xml; path = Info.plist; sourceTree = "<group>"; };
		52BC342C1BE042CA00AFCAF1 /* RandomNumber.swift */ = {isa = PBXFileReference; fileEncoding = 4; lastKnownFileType = sourcecode.swift; path = RandomNumber.swift; sourceTree = "<group>"; };
/* End PBXFileReference section */

/* Begin PBXFrameworksBuildPhase section */
		52BC34121BE042A400AFCAF1 /* Frameworks */ = {
			isa = PBXFrameworksBuildPhase;
			buildActionMask = 2147483647;
			files = (
			);
			runOnlyForDeploymentPostprocessing = 0;
		};
/* End PBXFrameworksBuildPhase section */

/* Begin PBXGroup section */
		52BC340C1BE042A400AFCAF1 = {
			isa = PBXGroup;
			children = (
				52BC34171BE042A400AFCAF1 /* Guessing Game */,
				52BC34161BE042A400AFCAF1 /* Products */,
			);
			sourceTree = "<group>";
		};
		52BC34161BE042A400AFCAF1 /* Products */ = {
			isa = PBXGroup;
			children = (
				52BC34151BE042A400AFCAF1 /* Guessing Game.app */,
			);
			name = Products;
			sourceTree = "<group>";
		};
		52BC34171BE042A400AFCAF1 /* Guessing Game */ = {
			isa = PBXGroup;
			children = (
				52BC34181BE042A400AFCAF1 /* AppDelegate.swift */,
				52BC341A1BE042A400AFCAF1 /* ViewController.swift */,
				52BC341C1BE042A400AFCAF1 /* Main.storyboard */,
				52BC341F1BE042A400AFCAF1 /* Assets.xcassets */,
				52BC34211BE042A400AFCAF1 /* LaunchScreen.storyboard */,
				52BC34241BE042A400AFCAF1 /* Info.plist */,
				52BC342C1BE042CA00AFCAF1 /* RandomNumber.swift */,
			);
			path = "Guessing Game";
			sourceTree = "<group>";
		};
/* End PBXGroup section */

/* Begin PBXNativeTarget section */
		52BC34141BE042A400AFCAF1 /* Guessing Game */ = {
			isa = PBXNativeTarget;
			buildConfigurationList = 52BC34271BE042A400AFCAF1 /* Build configuration list for PBXNativeTarget "Guessing Game" */;
			buildPhases = (
				52BC34111BE042A400AFCAF1 /* Sources */,
				52BC34121BE042A400AFCAF1 /* Frameworks */,
				52BC34131BE042A400AFCAF1 /* Resources */,
			);
			buildRules = (
			);
			dependencies = (
			);
			name = "Guessing Game";
			productName = "Guessing Game";
			productReference = 52BC34151BE042A400AFCAF1 /* Guessing Game.app */;
			productType = "com.apple.product-type.application";
		};
/* End PBXNativeTarget section */

/* Begin PBXProject section */
		52BC340D1BE042A400AFCAF1 /* Project object */ = {
			isa = PBXProject;
			attributes = {
				LastSwiftUpdateCheck = 0710;
				LastUpgradeCheck = 0710;
				ORGANIZATIONNAME = "Mees Fröberg";
				TargetAttributes = {
					52BC34141BE042A400AFCAF1 = {
						CreatedOnToolsVersion = 7.1;
					};
				};
			};
			buildConfigurationList = 52BC34101BE042A400AFCAF1 /* Build configuration list for PBXProject "Guessing Game" */;
			compatibilityVersion = "Xcode 3.2";
			developmentRegion = English;
			hasScannedForEncodings = 0;
			knownRegions = (
				en,
				Base,
			);
			mainGroup = 52BC340C1BE042A400AFCAF1;
			productRefGroup = 52BC34161BE042A400AFCAF1 /* Products */;
			projectDirPath = "";
			projectRoot = "";
			targets = (
				52BC34141BE042A400AFCAF1 /* Guessing Game */,
			);
		};
/* End PBXProject section */

/* Begin PBXResourcesBuildPhase section */
		52BC34131BE042A400AFCAF1 /* Resources */ = {
			isa = PBXResourcesBuildPhase;
			buildActionMask = 2147483647;
			files = (
				52BC34231BE042A400AFCAF1 /* LaunchScreen.storyboard in Resources */,
				52BC34201BE042A400AFCAF1 /* Assets.xcassets in Resources */,
				52BC341E1BE042A400AFCAF1 /* Main.storyboard in Resources */,
			);
			runOnlyForDeploymentPostprocessing = 0;
		};
/* End PBXResourcesBuildPhase section */

/* Begin PBXSourcesBuildPhase section */
		52BC34111BE042A400AFCAF1 /* Sources */ = {
			isa = PBXSourcesBuildPhase;
			buildActionMask = 2147483647;
			files = (
				52BC341B1BE042A400AFCAF1 /* ViewController.swift in Sources */,
				52BC34191BE042A400AFCAF1 /* AppDelegate.swift in Sources */,
				52BC342D1BE042CA00AFCAF1 /* RandomNumber.swift in Sources */,
			);
			runOnlyForDeploymentPostprocessing = 0;
		};
/* End PBXSourcesBuildPhase section */

/* Begin PBXVariantGroup section */
		52BC341C1BE042A400AFCAF1 /* Main.storyboard */ = {
			isa = PBXVariantGroup;
			children = (
				52BC341D1BE042A400AFCAF1 /* Base */,
			);
			name = Main.storyboard;
			sourceTree = "<group>";
		};
		52BC34211BE042A400AFCAF1 /* LaunchScreen.storyboard */ = {
			isa = PBXVariantGroup;
			children = (
				52BC34221BE042A400AFCAF1 /* Base */,
			);
			name = LaunchScreen.storyboard;
			sourceTree = "<group>";
		};
/* End PBXVariantGroup section */

/* Begin XCBuildConfiguration section */
		52BC34251BE042A400AFCAF1 /* Debug */ = {
			isa = XCBuildConfiguration;
			buildSettings = {
				ALWAYS_SEARCH_USER_PATHS = NO;
				CLANG_CXX_LANGUAGE_STANDARD = "gnu++0x";
				CLANG_CXX_LIBRARY = "libc++";
				CLANG_ENABLE_MODULES = YES;
				CLANG_ENABLE_OBJC_ARC = YES;
				CLANG_WARN_BOOL_CONVERSION = YES;
				CLANG_WARN_CONSTANT_CONVERSION = YES;
				CLANG_WARN_DIRECT_OBJC_ISA_USAGE = YES_ERROR;
				CLANG_WARN_EMPTY_BODY = YES;
				CLANG_WARN_ENUM_CONVERSION = YES;
				CLANG_WARN_INT_CONVERSION = YES;
				CLANG_WARN_OBJC_ROOT_CLASS = YES_ERROR;
				CLANG_WARN_UNREACHABLE_CODE = YES;
				CLANG_WARN__DUPLICATE_METHOD_MATCH = YES;
				"CODE_SIGN_IDENTITY[sdk=iphoneos*]" = "iPhone Developer";
				COPY_PHASE_STRIP = NO;
				DEBUG_INFORMATION_FORMAT = dwarf;
				ENABLE_STRICT_OBJC_MSGSEND = YES;
				ENABLE_TESTABILITY = YES;
				GCC_C_LANGUAGE_STANDARD = gnu99;
				GCC_DYNAMIC_NO_PIC = NO;
				GCC_NO_COMMON_BLOCKS = YES;
				GCC_OPTIMIZATION_LEVEL = 0;
				GCC_PREPROCESSOR_DEFINITIONS = (
					"DEBUG=1",
					"$(inherited)",
				);
				GCC_WARN_64_TO_32_BIT_CONVERSION = YES;
				GCC_WARN_ABOUT_RETURN_TYPE = YES_ERROR;
				GCC_WARN_UNDECLARED_SELECTOR = YES;
				GCC_WARN_UNINITIALIZED_AUTOS = YES_AGGRESSIVE;
				GCC_WARN_UNUSED_FUNCTION = YES;
				GCC_WARN_UNUSED_VARIABLE = YES;
				IPHONEOS_DEPLOYMENT_TARGET = 9.1;
				MTL_ENABLE_DEBUG_INFO = YES;
				ONLY_ACTIVE_ARCH = YES;
				SDKROOT = iphoneos;
				SWIFT_OPTIMIZATION_LEVEL = "-Onone";
			};
			name = Debug;
		};
		52BC34261BE042A400AFCAF1 /* Release */ = {
			isa = XCBuildConfiguration;
			buildSettings = {
				ALWAYS_SEARCH_USER_PATHS = NO;
				CLANG_CXX_LANGUAGE_STANDARD = "gnu++0x";
				CLANG_CXX_LIBRARY = "libc++";
				CLANG_ENABLE_MODULES = YES;
				CLANG_ENABLE_OBJC_ARC = YES;
				CLANG_WARN_BOOL_CONVERSION = YES;
				CLANG_WARN_CONSTANT_CONVERSION = YES;
				CLANG_WARN_DIRECT_OBJC_ISA_USAGE = YES_ERROR;
				CLANG_WARN_EMPTY_BODY = YES;
				CLANG_WARN_ENUM_CONVERSION = YES;
				CLANG_WARN_INT_CONVERSION = YES;
				CLANG_WARN_OBJC_ROOT_CLASS = YES_ERROR;
				CLANG_WARN_UNREACHABLE_CODE = YES;
				CLANG_WARN__DUPLICATE_METHOD_MATCH = YES;
				"CODE_SIGN_IDENTITY[sdk=iphoneos*]" = "iPhone Developer";
				COPY_PHASE_STRIP = NO;
				DEBUG_INFORMATION_FORMAT = "dwarf-with-dsym";
				ENABLE_NS_ASSERTIONS = NO;
				ENABLE_STRICT_OBJC_MSGSEND = YES;
				GCC_C_LANGUAGE_STANDARD = gnu99;
				GCC_NO_COMMON_BLOCKS = YES;
				GCC_WARN_64_TO_32_BIT_CONVERSION = YES;
				GCC_WARN_ABOUT_RETURN_TYPE = YES_ERROR;
				GCC_WARN_UNDECLARED_SELECTOR = YES;
				GCC_WARN_UNINITIALIZED_AUTOS = YES_AGGRESSIVE;
				GCC_WARN_UNUSED_FUNCTION = YES;
				GCC_WARN_UNUSED_VARIABLE = YES;
				IPHONEOS_DEPLOYMENT_TARGET = 9.1;
				MTL_ENABLE_DEBUG_INFO = NO;
				SDKROOT = iphoneos;
				VALIDATE_PRODUCT = YES;
			};
			name = Release;
		};
		52BC34281BE042A400AFCAF1 /* Debug */ = {
			isa = XCBuildConfiguration;
			buildSettings = {
				ASSETCATALOG_COMPILER_APPICON_NAME = AppIcon;
				INFOPLIST_FILE = "Guessing Game/Info.plist";
				LD_RUNPATH_SEARCH_PATHS = "$(inherited) @executable_path/Frameworks";
				PRODUCT_BUNDLE_IDENTIFIER = "Mees.Guessing-Game";
				PRODUCT_NAME = "$(TARGET_NAME)";
			};
			name = Debug;
		};
		52BC34291BE042A400AFCAF1 /* Release */ = {
			isa = XCBuildConfiguration;
			buildSettings = {
				ASSETCATALOG_COMPILER_APPICON_NAME = AppIcon;
				INFOPLIST_FILE = "Guessing Game/Info.plist";
				LD_RUNPATH_SEARCH_PATHS = "$(inherited) @executable_path/Frameworks";
				PRODUCT_BUNDLE_IDENTIFIER = "Mees.Guessing-Game";
				PRODUCT_NAME = "$(TARGET_NAME)";
			};
			name = Release;
		};
/* End XCBuildConfiguration section */

/* Begin XCConfigurationList section */
		52BC34101BE042A400AFCAF1 /* Build configuration list for PBXProject "Guessing Game" */ = {
			isa = XCConfigurationList;
			buildConfigurations = (
				52BC34251BE042A400AFCAF1 /* Debug */,
				52BC34261BE042A400AFCAF1 /* Release */,
			);
			defaultConfigurationIsVisible = 0;
			defaultConfigurationName = Release;
		};
		52BC34271BE042A400AFCAF1 /* Build configuration list for PBXNativeTarget "Guessing Game" */ = {
			isa = XCConfigurationList;
			buildConfigurations = (
				52BC34281BE042A400AFCAF1 /* Debug */,
				52BC34291BE042A400AFCAF1 /* Release */,
			);
			defaultConfigurationIsVisible = 0;
		};
/* End XCConfigurationList section */
	};
	rootObject = 52BC340D1BE042A400AFCAF1 /* Project object */;
}
